
Microsoft Visual Studio Solution File, Format Version 12.00
# Visual Studio Version 17
VisualStudioVersion = 17.7.34024.191
MinimumVisualStudioVersion = 10.0.40219.1
Project("{9A19103F-16F7-4668-BE54-9A1E7A4F7556}") = "Butcher2Farmer", "Butcher2Farmer\Butcher2Farmer.csproj", "{F4157CA6-1D7E-4938-8F0B-FEDF0A516EF7}"
EndProject
Project("{9A19103F-16F7-4668-BE54-9A1E7A4F7556}") = "Database", "Database\Database.csproj", "{134F11C4-9CD9-4A8B-A8E3-8E12DCDAA878}"
EndProject
Project("{9A19103F-16F7-4668-BE54-9A1E7A4F7556}") = "Models", "Models\Models.csproj", "{1B4C376A-9955-4E45-AC11-1225B50B7FA1}"
EndProject
Project("{9A19103F-16F7-4668-BE54-9A1E7A4F7556}") = "Services", "Services\Services.csproj", "{B33D9E9A-1F55-4ABA-BA12-A88498D20EE8}"
EndProject
Global
	GlobalSection(SolutionConfigurationPlatforms) = preSolution
		Debug|Any CPU = Debug|Any CPU
		Release|Any CPU = Release|Any CPU
	EndGlobalSection
	GlobalSection(ProjectConfigurationPlatforms) = postSolution
		{F4157CA6-1D7E-4938-8F0B-FEDF0A516EF7}.Debug|Any CPU.ActiveCfg = Debug|Any CPU
		{F4157CA6-1D7E-4938-8F0B-FEDF0A516EF7}.Debug|Any CPU.Build.0 = Debug|Any CPU
		{F4157CA6-1D7E-4938-8F0B-FEDF0A516EF7}.Release|Any CPU.ActiveCfg = Release|Any CPU
		{F4157CA6-1D7E-4938-8F0B-FEDF0A516EF7}.Release|Any CPU.Build.0 = Release|Any CPU
		{134F11C4-9CD9-4A8B-A8E3-8E12DCDAA878}.Debug|Any CPU.ActiveCfg = Debug|Any CPU
		{134F11C4-9CD9-4A8B-A8E3-8E12DCDAA878}.Debug|Any CPU.Build.0 = Debug|Any CPU
		{134F11C4-9CD9-4A8B-A8E3-8E12DCDAA878}.Release|Any CPU.ActiveCfg = Release|Any CPU
		{134F11C4-9CD9-4A8B-A8E3-8E12DCDAA878}.Release|Any CPU.Build.0 = Release|Any CPU
		{1B4C376A-9955-4E45-AC11-1225B50B7FA1}.Debug|Any CPU.ActiveCfg = Debug|Any CPU
		{1B4C376A-9955-4E45-AC11-1225B50B7FA1}.Debug|Any CPU.Build.0 = Debug|Any CPU
		{1B4C376A-9955-4E45-AC11-1225B50B7FA1}.Release|Any CPU.ActiveCfg = Release|Any CPU
		{1B4C376A-9955-4E45-AC11-1225B50B7FA1}.Release|Any CPU.Build.0 = Release|Any CPU
		{B33D9E9A-1F55-4ABA-BA12-A88498D20EE8}.Debug|Any CPU.ActiveCfg = Debug|Any CPU
		{B33D9E9A-1F55-4ABA-BA12-A88498D20EE8}.Debug|Any CPU.Build.0 = Debug|Any CPU
		{B33D9E9A-1F55-4ABA-BA12-A88498D20EE8}.Release|Any CPU.ActiveCfg = Release|Any CPU
		{B33D9E9A-1F55-4ABA-BA12-A88498D20EE8}.Release|Any CPU.Build.0 = Release|Any CPU
	EndGlobalSection
	GlobalSection(SolutionProperties) = preSolution
		HideSolutionNode = FALSE
	EndGlobalSection
	GlobalSection(ExtensibilityGlobals) = postSolution
		SolutionGuid = {BF972069-09CD-45E0-8E83-3D3762286AF2}
	EndGlobalSection
EndGlobal
